
Microsoft Visual Studio Solution File, Format Version 12.00
# Visual Studio Version 16
VisualStudioVersion = 16.0.30711.63
MinimumVisualStudioVersion = 10.0.40219.1
Project("{FAE04EC0-301F-11D3-BF4B-00C04F79EFBC}") = "DeviconTestFunctionApp", "FunctionApp\DeviconTestFunctionApp.csproj", "{4A2533D9-1051-4E51-8678-806743B95587}"
EndProject
Global
	GlobalSection(SolutionConfigurationPlatforms) = preSolution
		Debug|Any CPU = Debug|Any CPU
		Release|Any CPU = Release|Any CPU
	EndGlobalSection
	GlobalSection(ProjectConfigurationPlatforms) = postSolution
		{4A2533D9-1051-4E51-8678-806743B95587}.Debug|Any CPU.ActiveCfg = Debug|Any CPU
		{4A2533D9-1051-4E51-8678-806743B95587}.Debug|Any CPU.Build.0 = Debug|Any CPU
		{4A2533D9-1051-4E51-8678-806743B95587}.Release|Any CPU.ActiveCfg = Release|Any CPU
		{4A2533D9-1051-4E51-8678-806743B95587}.Release|Any CPU.Build.0 = Release|Any CPU
	EndGlobalSection
	GlobalSection(SolutionProperties) = preSolution
		HideSolutionNode = FALSE
	EndGlobalSection
	GlobalSection(ExtensibilityGlobals) = postSolution
		SolutionGuid = {88C46234-10DC-432F-A684-2D709FB373DD}
	EndGlobalSection
EndGlobal
